
Microsoft Visual Studio Solution File, Format Version 12.00
# Visual Studio Version 16
VisualStudioVersion = 16.0.29728.190
MinimumVisualStudioVersion = 10.0.40219.1
Project("{FAE04EC0-301F-11D3-BF4B-00C04F79EFBC}") = "CFinanc.UWP", "CFinanc\CFinanc.UWP\CFinanc.UWP.csproj", "{6B29E89C-6B95-4364-842D-9E80F62B73C5}"
EndProject
Project("{FAE04EC0-301F-11D3-BF4B-00C04F79EFBC}") = "CFinanc.Android", "CFinanc\CFinanc.Android\CFinanc.Android.csproj", "{196C0031-46B6-426E-A407-E38DF183F6A7}"
EndProject
Project("{FAE04EC0-301F-11D3-BF4B-00C04F79EFBC}") = "CFinanc.iOS", "CFinanc\CFinanc.iOS\CFinanc.iOS.csproj", "{F80CEAFA-826E-40E6-B889-A58F491D02BD}"
EndProject
Project("{FAE04EC0-301F-11D3-BF4B-00C04F79EFBC}") = "CFinanc", "CFinanc\CFinanc\CFinanc.csproj", "{B1C93824-9E67-48B8-84D4-C82A6AD72D7B}"
EndProject
Global
	GlobalSection(SolutionConfigurationPlatforms) = preSolution
		Debug|Any CPU = Debug|Any CPU
		Debug|ARM = Debug|ARM
		Debug|iPhone = Debug|iPhone
		Debug|iPhoneSimulator = Debug|iPhoneSimulator
		Debug|x64 = Debug|x64
		Debug|x86 = Debug|x86
		Release|Any CPU = Release|Any CPU
		Release|ARM = Release|ARM
		Release|iPhone = Release|iPhone
		Release|iPhoneSimulator = Release|iPhoneSimulator
		Release|x64 = Release|x64
		Release|x86 = Release|x86
	EndGlobalSection
	GlobalSection(ProjectConfigurationPlatforms) = postSolution
		{6B29E89C-6B95-4364-842D-9E80F62B73C5}.Debug|Any CPU.ActiveCfg = Debug|x86
		{6B29E89C-6B95-4364-842D-9E80F62B73C5}.Debug|Any CPU.Build.0 = Debug|x86
		{6B29E89C-6B95-4364-842D-9E80F62B73C5}.Debug|Any CPU.Deploy.0 = Debug|x86
		{6B29E89C-6B95-4364-842D-9E80F62B73C5}.Debug|ARM.ActiveCfg = Debug|ARM
		{6B29E89C-6B95-4364-842D-9E80F62B73C5}.Debug|ARM.Build.0 = Debug|ARM
		{6B29E89C-6B95-4364-842D-9E80F62B73C5}.Debug|ARM.Deploy.0 = Debug|ARM
		{6B29E89C-6B95-4364-842D-9E80F62B73C5}.Debug|iPhone.ActiveCfg = Debug|x86
		{6B29E89C-6B95-4364-842D-9E80F62B73C5}.Debug|iPhone.Build.0 = Debug|x86
		{6B29E89C-6B95-4364-842D-9E80F62B73C5}.Debug|iPhone.Deploy.0 = Debug|x86
		{6B29E89C-6B95-4364-842D-9E80F62B73C5}.Debug|iPhoneSimulator.ActiveCfg = Debug|x86
		{6B29E89C-6B95-4364-842D-9E80F62B73C5}.Debug|iPhoneSimulator.Build.0 = Debug|x86
		{6B29E89C-6B95-4364-842D-9E80F62B73C5}.Debug|iPhoneSimulator.Deploy.0 = Debug|x86
		{6B29E89C-6B95-4364-842D-9E80F62B73C5}.Debug|x64.ActiveCfg = Debug|x64
		{6B29E89C-6B95-4364-842D-9E80F62B73C5}.Debug|x64.Build.0 = Debug|x64
		{6B29E89C-6B95-4364-842D-9E80F62B73C5}.Debug|x64.Deploy.0 = Debug|x64
		{6B29E89C-6B95-4364-842D-9E80F62B73C5}.Debug|x86.ActiveCfg = Debug|x86
		{6B29E89C-6B95-4364-842D-9E80F62B73C5}.Debug|x86.Build.0 = Debug|x86
		{6B29E89C-6B95-4364-842D-9E80F62B73C5}.Debug|x86.Deploy.0 = Debug|x86
		{6B29E89C-6B95-4364-842D-9E80F62B73C5}.Release|Any CPU.ActiveCfg = Release|x86
		{6B29E89C-6B95-4364-842D-9E80F62B73C5}.Release|Any CPU.Build.0 = Release|x86
		{6B29E89C-6B95-4364-842D-9E80F62B73C5}.Release|Any CPU.Deploy.0 = Release|x86
		{6B29E89C-6B95-4364-842D-9E80F62B73C5}.Release|ARM.ActiveCfg = Release|ARM
		{6B29E89C-6B95-4364-842D-9E80F62B73C5}.Release|ARM.Build.0 = Release|ARM
		{6B29E89C-6B95-4364-842D-9E80F62B73C5}.Release|ARM.Deploy.0 = Release|ARM
		{6B29E89C-6B95-4364-842D-9E80F62B73C5}.Release|iPhone.ActiveCfg = Release|x86
		{6B29E89C-6B95-4364-842D-9E80F62B73C5}.Release|iPhone.Build.0 = Release|x86
		{6B29E89C-6B95-4364-842D-9E80F62B73C5}.Release|iPhone.Deploy.0 = Release|x86
		{6B29E89C-6B95-4364-842D-9E80F62B73C5}.Release|iPhoneSimulator.ActiveCfg = Release|x86
		{6B29E89C-6B95-4364-842D-9E80F62B73C5}.Release|iPhoneSimulator.Build.0 = Release|x86
		{6B29E89C-6B95-4364-842D-9E80F62B73C5}.Release|iPhoneSimulator.Deploy.0 = Release|x86
		{6B29E89C-6B95-4364-842D-9E80F62B73C5}.Release|x64.ActiveCfg = Release|x64
		{6B29E89C-6B95-4364-842D-9E80F62B73C5}.Release|x64.Build.0 = Release|x64
		{6B29E89C-6B95-4364-842D-9E80F62B73C5}.Release|x64.Deploy.0 = Release|x64
		{6B29E89C-6B95-4364-842D-9E80F62B73C5}.Release|x86.ActiveCfg = Release|x86
		{6B29E89C-6B95-4364-842D-9E80F62B73C5}.Release|x86.Build.0 = Release|x86
		{6B29E89C-6B95-4364-842D-9E80F62B73C5}.Release|x86.Deploy.0 = Release|x86
		{196C0031-46B6-426E-A407-E38DF183F6A7}.Debug|Any CPU.ActiveCfg = Debug|Any CPU
		{196C0031-46B6-426E-A407-E38DF183F6A7}.Debug|Any CPU.Build.0 = Debug|Any CPU
		{196C0031-46B6-426E-A407-E38DF183F6A7}.Debug|Any CPU.Deploy.0 = Debug|Any CPU
		{196C0031-46B6-426E-A407-E38DF183F6A7}.Debug|ARM.ActiveCfg = Debug|Any CPU
		{196C0031-46B6-426E-A407-E38DF183F6A7}.Debug|ARM.Build.0 = Debug|Any CPU
		{196C0031-46B6-426E-A407-E38DF183F6A7}.Debug|ARM.Deploy.0 = Debug|Any CPU
		{196C0031-46B6-426E-A407-E38DF183F6A7}.Debug|iPhone.ActiveCfg = Debug|Any CPU
		{196C0031-46B6-426E-A407-E38DF183F6A7}.Debug|iPhone.Build.0 = Debug|Any CPU
		{196C0031-46B6-426E-A407-E38DF183F6A7}.Debug|iPhone.Deploy.0 = Debug|Any CPU
		{196C0031-46B6-426E-A407-E38DF183F6A7}.Debug|iPhoneSimulator.ActiveCfg = Debug|Any CPU
		{196C0031-46B6-426E-A407-E38DF183F6A7}.Debug|iPhoneSimulator.Build.0 = Debug|Any CPU
		{196C0031-46B6-426E-A407-E38DF183F6A7}.Debug|iPhoneSimulator.Deploy.0 = Debug|Any CPU
		{196C0031-46B6-426E-A407-E38DF183F6A7}.Debug|x64.ActiveCfg = Debug|Any CPU
		{196C0031-46B6-426E-A407-E38DF183F6A7}.Debug|x64.Build.0 = Debug|Any CPU
		{196C0031-46B6-426E-A407-E38DF183F6A7}.Debug|x64.Deploy.0 = Debug|Any CPU
		{196C0031-46B6-426E-A407-E38DF183F6A7}.Debug|x86.ActiveCfg = Debug|Any CPU
		{196C0031-46B6-426E-A407-E38DF183F6A7}.Debug|x86.Build.0 = Debug|Any CPU
		{196C0031-46B6-426E-A407-E38DF183F6A7}.Debug|x86.Deploy.0 = Debug|Any CPU
		{196C0031-46B6-426E-A407-E38DF183F6A7}.Release|Any CPU.ActiveCfg = Release|Any CPU
		{196C0031-46B6-426E-A407-E38DF183F6A7}.Release|Any CPU.Build.0 = Release|Any CPU
		{196C0031-46B6-426E-A407-E38DF183F6A7}.Release|Any CPU.Deploy.0 = Release|Any CPU
		{196C0031-46B6-426E-A407-E38DF183F6A7}.Release|ARM.ActiveCfg = Release|Any CPU
		{196C0031-46B6-426E-A407-E38DF183F6A7}.Release|ARM.Build.0 = Release|Any CPU
		{196C0031-46B6-426E-A407-E38DF183F6A7}.Release|ARM.Deploy.0 = Release|Any CPU
		{196C0031-46B6-426E-A407-E38DF183F6A7}.Release|iPhone.ActiveCfg = Release|Any CPU
		{196C0031-46B6-426E-A407-E38DF183F6A7}.Release|iPhone.Build.0 = Release|Any CPU
		{196C0031-46B6-426E-A407-E38DF183F6A7}.Release|iPhone.Deploy.0 = Release|Any CPU
		{196C0031-46B6-426E-A407-E38DF183F6A7}.Release|iPhoneSimulator.ActiveCfg = Release|Any CPU
		{196C0031-46B6-426E-A407-E38DF183F6A7}.Release|iPhoneSimulator.Build.0 = Release|Any CPU
		{196C0031-46B6-426E-A407-E38DF183F6A7}.Release|iPhoneSimulator.Deploy.0 = Release|Any CPU
		{196C0031-46B6-426E-A407-E38DF183F6A7}.Release|x64.ActiveCfg = Release|Any CPU
		{196C0031-46B6-426E-A407-E38DF183F6A7}.Release|x64.Build.0 = Release|Any CPU
		{196C0031-46B6-426E-A407-E38DF183F6A7}.Release|x64.Deploy.0 = Release|Any CPU
		{196C0031-46B6-426E-A407-E38DF183F6A7}.Release|x86.ActiveCfg = Release|Any CPU
		{196C0031-46B6-426E-A407-E38DF183F6A7}.Release|x86.Build.0 = Release|Any CPU
		{196C0031-46B6-426E-A407-E38DF183F6A7}.Release|x86.Deploy.0 = Release|Any CPU
		{F80CEAFA-826E-40E6-B889-A58F491D02BD}.Debug|Any CPU.ActiveCfg = Debug|iPhone
		{F80CEAFA-826E-40E6-B889-A58F491D02BD}.Debug|Any CPU.Build.0 = Debug|iPhone
		{F80CEAFA-826E-40E6-B889-A58F491D02BD}.Debug|Any CPU.Deploy.0 = Debug|iPhone
		{F80CEAFA-826E-40E6-B889-A58F491D02BD}.Debug|ARM.ActiveCfg = Debug|iPhoneSimulator
		{F80CEAFA-826E-40E6-B889-A58F491D02BD}.Debug|ARM.Build.0 = Debug|iPhoneSimulator
		{F80CEAFA-826E-40E6-B889-A58F491D02BD}.Debug|ARM.Deploy.0 = Debug|iPhoneSimulator
		{F80CEAFA-826E-40E6-B889-A58F491D02BD}.Debug|iPhone.ActiveCfg = Debug|iPhone
		{F80CEAFA-826E-40E6-B889-A58F491D02BD}.Debug|iPhone.Build.0 = Debug|iPhone
		{F80CEAFA-826E-40E6-B889-A58F491D02BD}.Debug|iPhone.Deploy.0 = Debug|iPhone
		{F80CEAFA-826E-40E6-B889-A58F491D02BD}.Debug|iPhoneSimulator.ActiveCfg = Debug|iPhoneSimulator
		{F80CEAFA-826E-40E6-B889-A58F491D02BD}.Debug|iPhoneSimulator.Build.0 = Debug|iPhoneSimulator
		{F80CEAFA-826E-40E6-B889-A58F491D02BD}.Debug|iPhoneSimulator.Deploy.0 = Debug|iPhoneSimulator
		{F80CEAFA-826E-40E6-B889-A58F491D02BD}.Debug|x64.ActiveCfg = Debug|iPhone
		{F80CEAFA-826E-40E6-B889-A58F491D02BD}.Debug|x64.Build.0 = Debug|iPhone
		{F80CEAFA-826E-40E6-B889-A58F491D02BD}.Debug|x64.Deploy.0 = Debug|iPhone
		{F80CEAFA-826E-40E6-B889-A58F491D02BD}.Debug|x86.ActiveCfg = Debug|iPhone
		{F80CEAFA-826E-40E6-B889-A58F491D02BD}.Debug|x86.Build.0 = Debug|iPhone
		{F80CEAFA-826E-40E6-B889-A58F491D02BD}.Debug|x86.Deploy.0 = Debug|iPhone
		{F80CEAFA-826E-40E6-B889-A58F491D02BD}.Release|Any CPU.ActiveCfg = Release|iPhone
		{F80CEAFA-826E-40E6-B889-A58F491D02BD}.Release|Any CPU.Build.0 = Release|iPhone
		{F80CEAFA-826E-40E6-B889-A58F491D02BD}.Release|Any CPU.Deploy.0 = Release|iPhone
		{F80CEAFA-826E-40E6-B889-A58F491D02BD}.Release|ARM.ActiveCfg = Release|iPhone
		{F80CEAFA-826E-40E6-B889-A58F491D02BD}.Release|ARM.Build.0 = Release|iPhone
		{F80CEAFA-826E-40E6-B889-A58F491D02BD}.Release|ARM.Deploy.0 = Release|iPhone
		{F80CEAFA-826E-40E6-B889-A58F491D02BD}.Release|iPhone.ActiveCfg = Release|iPhone
		{F80CEAFA-826E-40E6-B889-A58F491D02BD}.Release|iPhone.Build.0 = Release|iPhone
		{F80CEAFA-826E-40E6-B889-A58F491D02BD}.Release|iPhone.Deploy.0 = Release|iPhone
		{F80CEAFA-826E-40E6-B889-A58F491D02BD}.Release|iPhoneSimulator.ActiveCfg = Release|iPhoneSimulator
		{F80CEAFA-826E-40E6-B889-A58F491D02BD}.Release|iPhoneSimulator.Build.0 = Release|iPhoneSimulator
		{F80CEAFA-826E-40E6-B889-A58F491D02BD}.Release|iPhoneSimulator.Deploy.0 = Release|iPhoneSimulator
		{F80CEAFA-826E-40E6-B889-A58F491D02BD}.Release|x64.ActiveCfg = Release|iPhone
		{F80CEAFA-826E-40E6-B889-A58F491D02BD}.Release|x64.Build.0 = Release|iPhone
		{F80CEAFA-826E-40E6-B889-A58F491D02BD}.Release|x64.Deploy.0 = Release|iPhone
		{F80CEAFA-826E-40E6-B889-A58F491D02BD}.Release|x86.ActiveCfg = Release|iPhone
		{F80CEAFA-826E-40E6-B889-A58F491D02BD}.Release|x86.Build.0 = Release|iPhone
		{F80CEAFA-826E-40E6-B889-A58F491D02BD}.Release|x86.Deploy.0 = Release|iPhone
		{B1C93824-9E67-48B8-84D4-C82A6AD72D7B}.Debug|Any CPU.ActiveCfg = Debug|Any CPU
		{B1C93824-9E67-48B8-84D4-C82A6AD72D7B}.Debug|Any CPU.Build.0 = Debug|Any CPU
		{B1C93824-9E67-48B8-84D4-C82A6AD72D7B}.Debug|Any CPU.Deploy.0 = Debug|Any CPU
		{B1C93824-9E67-48B8-84D4-C82A6AD72D7B}.Debug|ARM.ActiveCfg = Debug|Any CPU
		{B1C93824-9E67-48B8-84D4-C82A6AD72D7B}.Debug|ARM.Build.0 = Debug|Any CPU
		{B1C93824-9E67-48B8-84D4-C82A6AD72D7B}.Debug|ARM.Deploy.0 = Debug|Any CPU
		{B1C93824-9E67-48B8-84D4-C82A6AD72D7B}.Debug|iPhone.ActiveCfg = Debug|Any CPU
		{B1C93824-9E67-48B8-84D4-C82A6AD72D7B}.Debug|iPhone.Build.0 = Debug|Any CPU
		{B1C93824-9E67-48B8-84D4-C82A6AD72D7B}.Debug|iPhone.Deploy.0 = Debug|Any CPU
		{B1C93824-9E67-48B8-84D4-C82A6AD72D7B}.Debug|iPhoneSimulator.ActiveCfg = Debug|Any CPU
		{B1C93824-9E67-48B8-84D4-C82A6AD72D7B}.Debug|iPhoneSimulator.Build.0 = Debug|Any CPU
		{B1C93824-9E67-48B8-84D4-C82A6AD72D7B}.Debug|iPhoneSimulator.Deploy.0 = Debug|Any CPU
		{B1C93824-9E67-48B8-84D4-C82A6AD72D7B}.Debug|x64.ActiveCfg = Debug|Any CPU
		{B1C93824-9E67-48B8-84D4-C82A6AD72D7B}.Debug|x64.Build.0 = Debug|Any CPU
		{B1C93824-9E67-48B8-84D4-C82A6AD72D7B}.Debug|x64.Deploy.0 = Debug|Any CPU
		{B1C93824-9E67-48B8-84D4-C82A6AD72D7B}.Debug|x86.ActiveCfg = Debug|Any CPU
		{B1C93824-9E67-48B8-84D4-C82A6AD72D7B}.Debug|x86.Build.0 = Debug|Any CPU
		{B1C93824-9E67-48B8-84D4-C82A6AD72D7B}.Debug|x86.Deploy.0 = Debug|Any CPU
		{B1C93824-9E67-48B8-84D4-C82A6AD72D7B}.Release|Any CPU.ActiveCfg = Release|Any CPU
		{B1C93824-9E67-48B8-84D4-C82A6AD72D7B}.Release|Any CPU.Build.0 = Release|Any CPU
		{B1C93824-9E67-48B8-84D4-C82A6AD72D7B}.Release|Any CPU.Deploy.0 = Release|Any CPU
		{B1C93824-9E67-48B8-84D4-C82A6AD72D7B}.Release|ARM.ActiveCfg = Release|Any CPU
		{B1C93824-9E67-48B8-84D4-C82A6AD72D7B}.Release|ARM.Build.0 = Release|Any CPU
		{B1C93824-9E67-48B8-84D4-C82A6AD72D7B}.Release|ARM.Deploy.0 = Release|Any CPU
		{B1C93824-9E67-48B8-84D4-C82A6AD72D7B}.Release|iPhone.ActiveCfg = Release|Any CPU
		{B1C93824-9E67-48B8-84D4-C82A6AD72D7B}.Release|iPhone.Build.0 = Release|Any CPU
		{B1C93824-9E67-48B8-84D4-C82A6AD72D7B}.Release|iPhone.Deploy.0 = Release|Any CPU
		{B1C93824-9E67-48B8-84D4-C82A6AD72D7B}.Release|iPhoneSimulator.ActiveCfg = Release|Any CPU
		{B1C93824-9E67-48B8-84D4-C82A6AD72D7B}.Release|iPhoneSimulator.Build.0 = Release|Any CPU
		{B1C93824-9E67-48B8-84D4-C82A6AD72D7B}.Release|iPhoneSimulator.Deploy.0 = Release|Any CPU
		{B1C93824-9E67-48B8-84D4-C82A6AD72D7B}.Release|x64.ActiveCfg = Release|Any CPU
		{B1C93824-9E67-48B8-84D4-C82A6AD72D7B}.Release|x64.Build.0 = Release|Any CPU
		{B1C93824-9E67-48B8-84D4-C82A6AD72D7B}.Release|x64.Deploy.0 = Release|Any CPU
		{B1C93824-9E67-48B8-84D4-C82A6AD72D7B}.Release|x86.ActiveCfg = Release|Any CPU
		{B1C93824-9E67-48B8-84D4-C82A6AD72D7B}.Release|x86.Build.0 = Release|Any CPU
		{B1C93824-9E67-48B8-84D4-C82A6AD72D7B}.Release|x86.Deploy.0 = Release|Any CPU
	EndGlobalSection
	GlobalSection(SolutionProperties) = preSolution
		HideSolutionNode = FALSE
	EndGlobalSection
	GlobalSection(ExtensibilityGlobals) = postSolution
		SolutionGuid = {42509135-49AC-4EED-8EA5-9E911DBFEDB0}
	EndGlobalSection
EndGlobal
